
Microsoft Visual Studio Solution File, Format Version 12.00
# Visual Studio Version 17
VisualStudioVersion = 17.13.35825.156 d17.13
MinimumVisualStudioVersion = 10.0.40219.1
Project("{FAE04EC0-301F-11D3-BF4B-00C04F79EFBC}") = "December.API", "December.API\December.API.csproj", "{34C20B06-9643-46FD-88F0-581DF1763FD4}"
EndProject
Project("{FAE04EC0-301F-11D3-BF4B-00C04F79EFBC}") = "December.Domain", "December.Domain\December.Domain.csproj", "{7C6F9BBD-8469-4841-948E-1D3F0AFDDDF6}"
EndProject
Project("{FAE04EC0-301F-11D3-BF4B-00C04F79EFBC}") = "December.Infrastructure", "December.Infrastructure\December.Infrastructure.csproj", "{6583A3F9-3934-4688-BC3D-3E43A02FB917}"
EndProject
Project("{FAE04EC0-301F-11D3-BF4B-00C04F79EFBC}") = "December.Application", "December.Application\December.Application.csproj", "{5459A59D-D942-4A05-A241-90339B0F5D5A}"
EndProject
Project("{FAE04EC0-301F-11D3-BF4B-00C04F79EFBC}") = "December.Test", "December.Test\December.Test.csproj", "{97E37262-2D9D-4BB8-A304-B7E64BDF69E6}"
EndProject
Global
	GlobalSection(SolutionConfigurationPlatforms) = preSolution
		Debug|Any CPU = Debug|Any CPU
		Release|Any CPU = Release|Any CPU
	EndGlobalSection
	GlobalSection(ProjectConfigurationPlatforms) = postSolution
		{34C20B06-9643-46FD-88F0-581DF1763FD4}.Debug|Any CPU.ActiveCfg = Debug|Any CPU
		{34C20B06-9643-46FD-88F0-581DF1763FD4}.Debug|Any CPU.Build.0 = Debug|Any CPU
		{34C20B06-9643-46FD-88F0-581DF1763FD4}.Release|Any CPU.ActiveCfg = Release|Any CPU
		{34C20B06-9643-46FD-88F0-581DF1763FD4}.Release|Any CPU.Build.0 = Release|Any CPU
		{7C6F9BBD-8469-4841-948E-1D3F0AFDDDF6}.Debug|Any CPU.ActiveCfg = Debug|Any CPU
		{7C6F9BBD-8469-4841-948E-1D3F0AFDDDF6}.Debug|Any CPU.Build.0 = Debug|Any CPU
		{7C6F9BBD-8469-4841-948E-1D3F0AFDDDF6}.Release|Any CPU.ActiveCfg = Release|Any CPU
		{7C6F9BBD-8469-4841-948E-1D3F0AFDDDF6}.Release|Any CPU.Build.0 = Release|Any CPU
		{6583A3F9-3934-4688-BC3D-3E43A02FB917}.Debug|Any CPU.ActiveCfg = Debug|Any CPU
		{6583A3F9-3934-4688-BC3D-3E43A02FB917}.Debug|Any CPU.Build.0 = Debug|Any CPU
		{6583A3F9-3934-4688-BC3D-3E43A02FB917}.Release|Any CPU.ActiveCfg = Release|Any CPU
		{6583A3F9-3934-4688-BC3D-3E43A02FB917}.Release|Any CPU.Build.0 = Release|Any CPU
		{5459A59D-D942-4A05-A241-90339B0F5D5A}.Debug|Any CPU.ActiveCfg = Debug|Any CPU
		{5459A59D-D942-4A05-A241-90339B0F5D5A}.Debug|Any CPU.Build.0 = Debug|Any CPU
		{5459A59D-D942-4A05-A241-90339B0F5D5A}.Release|Any CPU.ActiveCfg = Release|Any CPU
		{5459A59D-D942-4A05-A241-90339B0F5D5A}.Release|Any CPU.Build.0 = Release|Any CPU
		{97E37262-2D9D-4BB8-A304-B7E64BDF69E6}.Debug|Any CPU.ActiveCfg = Debug|Any CPU
		{97E37262-2D9D-4BB8-A304-B7E64BDF69E6}.Debug|Any CPU.Build.0 = Debug|Any CPU
		{97E37262-2D9D-4BB8-A304-B7E64BDF69E6}.Release|Any CPU.ActiveCfg = Release|Any CPU
		{97E37262-2D9D-4BB8-A304-B7E64BDF69E6}.Release|Any CPU.Build.0 = Release|Any CPU
	EndGlobalSection
	GlobalSection(SolutionProperties) = preSolution
		HideSolutionNode = FALSE
	EndGlobalSection
	GlobalSection(ExtensibilityGlobals) = postSolution
		SolutionGuid = {FAD217B6-7599-44CA-B859-DF136456A07E}
	EndGlobalSection
EndGlobal
